
Microsoft Visual Studio Solution File, Format Version 12.00
# Visual Studio 15
VisualStudioVersion = 15.0.27130.2020
MinimumVisualStudioVersion = 10.0.40219.1
Project("{FAE04EC0-301F-11D3-BF4B-00C04F79EFBC}") = "JoyKeyMapper", "JoyKeyMapper\JoyKeyMapper.csproj", "{3A1F2AB7-0212-49DE-A27D-9A89B775CF61}"
EndProject
Global
	GlobalSection(SolutionConfigurationPlatforms) = preSolution
		Debug|Any CPU = Debug|Any CPU
		Debug|x86 = Debug|x86
		Release|Any CPU = Release|Any CPU
		Release|x86 = Release|x86
	EndGlobalSection
	GlobalSection(ProjectConfigurationPlatforms) = postSolution
		{3A1F2AB7-0212-49DE-A27D-9A89B775CF61}.Debug|Any CPU.ActiveCfg = Debug|Any CPU
		{3A1F2AB7-0212-49DE-A27D-9A89B775CF61}.Debug|Any CPU.Build.0 = Debug|Any CPU
		{3A1F2AB7-0212-49DE-A27D-9A89B775CF61}.Debug|x86.ActiveCfg = Debug|x86
		{3A1F2AB7-0212-49DE-A27D-9A89B775CF61}.Debug|x86.Build.0 = Debug|x86
		{3A1F2AB7-0212-49DE-A27D-9A89B775CF61}.Release|Any CPU.ActiveCfg = Release|Any CPU
		{3A1F2AB7-0212-49DE-A27D-9A89B775CF61}.Release|Any CPU.Build.0 = Release|Any CPU
		{3A1F2AB7-0212-49DE-A27D-9A89B775CF61}.Release|x86.ActiveCfg = Release|x86
		{3A1F2AB7-0212-49DE-A27D-9A89B775CF61}.Release|x86.Build.0 = Release|x86
	EndGlobalSection
	GlobalSection(SolutionProperties) = preSolution
		HideSolutionNode = FALSE
	EndGlobalSection
	GlobalSection(ExtensibilityGlobals) = postSolution
		SolutionGuid = {53E1B0F8-123C-4ADC-B551-B37892F09EF7}
	EndGlobalSection
EndGlobal
